// !$*UTF8*$!
{
	archiveVersion = 1;
	classes = {
	};
	objectVersion = 77;
	objects = {

/* Begin PBXContainerItemProxy section */
		29ECD7CD2E2640F800FC66E6 /* PBXContainerItemProxy */ = {
			isa = PBXContainerItemProxy;
			containerPortal = 29ECD7B72E2640F700FC66E6 /* Project object */;
			proxyType = 1;
			remoteGlobalIDString = 29ECD7BE2E2640F700FC66E6;
			remoteInfo = MetricBase;
		};
		29ECD7D72E2640F800FC66E6 /* PBXContainerItemProxy */ = {
			isa = PBXContainerItemProxy;
			containerPortal = 29ECD7B72E2640F700FC66E6 /* Project object */;
			proxyType = 1;
			remoteGlobalIDString = 29ECD7BE2E2640F700FC66E6;
			remoteInfo = MetricBase;
		};
/* End PBXContainerItemProxy section */

/* Begin PBXFileReference section */
		29ECD7BF2E2640F700FC66E6 /* MetricBase.app */ = {isa = PBXFileReference; explicitFileType = wrapper.application; includeInIndex = 0; path = MetricBase.app; sourceTree = BUILT_PRODUCTS_DIR; };
		29ECD7CC2E2640F800FC66E6 /* MetricBaseTests.xctest */ = {isa = PBXFileReference; explicitFileType = wrapper.cfbundle; includeInIndex = 0; path = MetricBaseTests.xctest; sourceTree = BUILT_PRODUCTS_DIR; };
		29ECD7D62E2640F800FC66E6 /* MetricBaseUITests.xctest */ = {isa = PBXFileReference; explicitFileType = wrapper.cfbundle; includeInIndex = 0; path = MetricBaseUITests.xctest; sourceTree = BUILT_PRODUCTS_DIR; };
/* End PBXFileReference section */

/* Begin PBXFileSystemSynchronizedRootGroup section */
		29ECD7C12E2640F700FC66E6 /* MetricBase */ = {
			isa = PBXFileSystemSynchronizedRootGroup;
			path = MetricBase;
			sourceTree = "<group>";
		};
		29ECD7CF2E2640F800FC66E6 /* MetricBaseTests */ = {
			isa = PBXFileSystemSynchronizedRootGroup;
			path = MetricBaseTests;
			sourceTree = "<group>";
		};
		29ECD7D92E2640F800FC66E6 /* MetricBaseUITests */ = {
			isa = PBXFileSystemSynchronizedRootGroup;
			path = MetricBaseUITests;
			sourceTree = "<group>";
		};
/* End PBXFileSystemSynchronizedRootGroup section */

/* Begin PBXFrameworksBuildPhase section */
		29ECD7BC2E2640F700FC66E6 /* Frameworks */ = {
			isa = PBXFrameworksBuildPhase;
			buildActionMask = 2147483647;
			files = (
			);
			runOnlyForDeploymentPostprocessing = 0;
		};
		29ECD7C92E2640F800FC66E6 /* Frameworks */ = {
			isa = PBXFrameworksBuildPhase;
			buildActionMask = 2147483647;
			files = (
			);
			runOnlyForDeploymentPostprocessing = 0;
		};
		29ECD7D32E2640F800FC66E6 /* Frameworks */ = {
			isa = PBXFrameworksBuildPhase;
			buildActionMask = 2147483647;
			files = (
			);
			runOnlyForDeploymentPostprocessing = 0;
		};
/* End PBXFrameworksBuildPhase section */

/* Begin PBXGroup section */
		29ECD7B62E2640F700FC66E6 = {
			isa = PBXGroup;
			children = (
				29ECD7C12E2640F700FC66E6 /* MetricBase */,
				29ECD7CF2E2640F800FC66E6 /* MetricBaseTests */,
				29ECD7D92E2640F800FC66E6 /* MetricBaseUITests */,
				29ECD7C02E2640F700FC66E6 /* Products */,
			);
			sourceTree = "<group>";
		};
		29ECD7C02E2640F700FC66E6 /* Products */ = {
			isa = PBXGroup;
			children = (
				29ECD7BF2E2640F700FC66E6 /* MetricBase.app */,
				29ECD7CC2E2640F800FC66E6 /* MetricBaseTests.xctest */,
				29ECD7D62E2640F800FC66E6 /* MetricBaseUITests.xctest */,
			);
			name = Products;
			sourceTree = "<group>";
		};
/* End PBXGroup section */

/* Begin PBXNativeTarget section */
		29ECD7BE2E2640F700FC66E6 /* MetricBase */ = {
			isa = PBXNativeTarget;
			buildConfigurationList = 29ECD7E02E2640F800FC66E6 /* Build configuration list for PBXNativeTarget "MetricBase" */;
			buildPhases = (
				29ECD7BB2E2640F700FC66E6 /* Sources */,
				29ECD7BC2E2640F700FC66E6 /* Frameworks */,
				29ECD7BD2E2640F700FC66E6 /* Resources */,
			);
			buildRules = (
			);
			dependencies = (
			);
			fileSystemSynchronizedGroups = (
				29ECD7C12E2640F700FC66E6 /* MetricBase */,
			);
			name = MetricBase;
			packageProductDependencies = (
			);
			productName = MetricBase;
			productReference = 29ECD7BF2E2640F700FC66E6 /* MetricBase.app */;
			productType = "com.apple.product-type.application";
		};
		29ECD7CB2E2640F800FC66E6 /* MetricBaseTests */ = {
			isa = PBXNativeTarget;
			buildConfigurationList = 29ECD7E32E2640F800FC66E6 /* Build configuration list for PBXNativeTarget "MetricBaseTests" */;
			buildPhases = (
				29ECD7C82E2640F800FC66E6 /* Sources */,
				29ECD7C92E2640F800FC66E6 /* Frameworks */,
				29ECD7CA2E2640F800FC66E6 /* Resources */,
			);
			buildRules = (
			);
			dependencies = (
				29ECD7CE2E2640F800FC66E6 /* PBXTargetDependency */,
			);
			fileSystemSynchronizedGroups = (
				29ECD7CF2E2640F800FC66E6 /* MetricBaseTests */,
			);
			name = MetricBaseTests;
			packageProductDependencies = (
			);
			productName = MetricBaseTests;
			productReference = 29ECD7CC2E2640F800FC66E6 /* MetricBaseTests.xctest */;
			productType = "com.apple.product-type.bundle.unit-test";
		};
		29ECD7D52E2640F800FC66E6 /* MetricBaseUITests */ = {
			isa = PBXNativeTarget;
			buildConfigurationList = 29ECD7E62E2640F800FC66E6 /* Build configuration list for PBXNativeTarget "MetricBaseUITests" */;
			buildPhases = (
				29ECD7D22E2640F800FC66E6 /* Sources */,
				29ECD7D32E2640F800FC66E6 /* Frameworks */,
				29ECD7D42E2640F800FC66E6 /* Resources */,
			);
			buildRules = (
			);
			dependencies = (
				29ECD7D82E2640F800FC66E6 /* PBXTargetDependency */,
			);
			fileSystemSynchronizedGroups = (
				29ECD7D92E2640F800FC66E6 /* MetricBaseUITests */,
			);
			name = MetricBaseUITests;
			packageProductDependencies = (
			);
			productName = MetricBaseUITests;
			productReference = 29ECD7D62E2640F800FC66E6 /* MetricBaseUITests.xctest */;
			productType = "com.apple.product-type.bundle.ui-testing";
		};
/* End PBXNativeTarget section */

/* Begin PBXProject section */
		29ECD7B72E2640F700FC66E6 /* Project object */ = {
			isa = PBXProject;
			attributes = {
				BuildIndependentTargetsInParallel = 1;
				LastSwiftUpdateCheck = 1640;
				LastUpgradeCheck = 1640;
				TargetAttributes = {
					29ECD7BE2E2640F700FC66E6 = {
						CreatedOnToolsVersion = 16.4;
					};
					29ECD7CB2E2640F800FC66E6 = {
						CreatedOnToolsVersion = 16.4;
						TestTargetID = 29ECD7BE2E2640F700FC66E6;
					};
					29ECD7D52E2640F800FC66E6 = {
						CreatedOnToolsVersion = 16.4;
						TestTargetID = 29ECD7BE2E2640F700FC66E6;
					};
				};
			};
			buildConfigurationList = 29ECD7BA2E2640F700FC66E6 /* Build configuration list for PBXProject "MetricBase" */;
			developmentRegion = en;
			hasScannedForEncodings = 0;
			knownRegions = (
				en,
				Base,
			);
			mainGroup = 29ECD7B62E2640F700FC66E6;
			minimizedProjectReferenceProxies = 1;
			preferredProjectObjectVersion = 77;
			productRefGroup = 29ECD7C02E2640F700FC66E6 /* Products */;
			projectDirPath = "";
			projectRoot = "";
			targets = (
				29ECD7BE2E2640F700FC66E6 /* MetricBase */,
				29ECD7CB2E2640F800FC66E6 /* MetricBaseTests */,
				29ECD7D52E2640F800FC66E6 /* MetricBaseUITests */,
			);
		};
/* End PBXProject section */

/* Begin PBXResourcesBuildPhase section */
		29ECD7BD2E2640F700FC66E6 /* Resources */ = {
			isa = PBXResourcesBuildPhase;
			buildActionMask = 2147483647;
			files = (
			);
			runOnlyForDeploymentPostprocessing = 0;
		};
		29ECD7CA2E2640F800FC66E6 /* Resources */ = {
			isa = PBXResourcesBuildPhase;
			buildActionMask = 2147483647;
			files = (
			);
			runOnlyForDeploymentPostprocessing = 0;
		};
		29ECD7D42E2640F800FC66E6 /* Resources */ = {
			isa = PBXResourcesBuildPhase;
			buildActionMask = 2147483647;
			files = (
			);
			runOnlyForDeploymentPostprocessing = 0;
		};
/* End PBXResourcesBuildPhase section */

/* Begin PBXSourcesBuildPhase section */
		29ECD7BB2E2640F700FC66E6 /* Sources */ = {
			isa = PBXSourcesBuildPhase;
			buildActionMask = 2147483647;
			files = (
			);
			runOnlyForDeploymentPostprocessing = 0;
		};
		29ECD7C82E2640F800FC66E6 /* Sources */ = {
			isa = PBXSourcesBuildPhase;
			buildActionMask = 2147483647;
			files = (
			);
			runOnlyForDeploymentPostprocessing = 0;
		};
		29ECD7D22E2640F800FC66E6 /* Sources */ = {
			isa = PBXSourcesBuildPhase;
			buildActionMask = 2147483647;
			files = (
			);
			runOnlyForDeploymentPostprocessing = 0;
		};
/* End PBXSourcesBuildPhase section */

/* Begin PBXTargetDependency section */
		29ECD7CE2E2640F800FC66E6 /* PBXTargetDependency */ = {
			isa = PBXTargetDependency;
			target = 29ECD7BE2E2640F700FC66E6 /* MetricBase */;
			targetProxy = 29ECD7CD2E2640F800FC66E6 /* PBXContainerItemProxy */;
		};
		29ECD7D82E2640F800FC66E6 /* PBXTargetDependency */ = {
			isa = PBXTargetDependency;
			target = 29ECD7BE2E2640F700FC66E6 /* MetricBase */;
			targetProxy = 29ECD7D72E2640F800FC66E6 /* PBXContainerItemProxy */;
		};
/* End PBXTargetDependency section */

/* Begin XCBuildConfiguration section */
		29ECD7DE2E2640F800FC66E6 /* Debug */ = {
			isa = XCBuildConfiguration;
			buildSettings = {
				ALWAYS_SEARCH_USER_PATHS = NO;
				ASSETCATALOG_COMPILER_GENERATE_SWIFT_ASSET_SYMBOL_EXTENSIONS = YES;
				CLANG_ANALYZER_NONNULL = YES;
				CLANG_ANALYZER_NUMBER_OBJECT_CONVERSION = YES_AGGRESSIVE;
				CLANG_CXX_LANGUAGE_STANDARD = "gnu++20";
				CLANG_ENABLE_MODULES = YES;
				CLANG_ENABLE_OBJC_ARC = YES;
				CLANG_ENABLE_OBJC_WEAK = YES;
				CLANG_WARN_BLOCK_CAPTURE_AUTORELEASING = YES;
				CLANG_WARN_BOOL_CONVERSION = YES;
				CLANG_WARN_COMMA = YES;
				CLANG_WARN_CONSTANT_CONVERSION = YES;
				CLANG_WARN_DEPRECATED_OBJC_IMPLEMENTATIONS = YES;
				CLANG_WARN_DIRECT_OBJC_ISA_USAGE = YES_ERROR;
				CLANG_WARN_DOCUMENTATION_COMMENTS = YES;
				CLANG_WARN_EMPTY_BODY = YES;
				CLANG_WARN_ENUM_CONVERSION = YES;
				CLANG_WARN_INFINITE_RECURSION = YES;
				CLANG_WARN_INT_CONVERSION = YES;
				CLANG_WARN_NON_LITERAL_NULL_CONVERSION = YES;
				CLANG_WARN_OBJC_IMPLICIT_RETAIN_SELF = YES;
				CLANG_WARN_OBJC_LITERAL_CONVERSION = YES;
				CLANG_WARN_OBJC_ROOT_CLASS = YES_ERROR;
				CLANG_WARN_QUOTED_INCLUDE_IN_FRAMEWORK_HEADER = YES;
				CLANG_WARN_RANGE_LOOP_ANALYSIS = YES;
				CLANG_WARN_STRICT_PROTOTYPES = YES;
				CLANG_WARN_SUSPICIOUS_MOVE = YES;
				CLANG_WARN_UNGUARDED_AVAILABILITY = YES_AGGRESSIVE;
				CLANG_WARN_UNREACHABLE_CODE = YES;
				CLANG_WARN__DUPLICATE_METHOD_MATCH = YES;
				COPY_PHASE_STRIP = NO;
				DEBUG_INFORMATION_FORMAT = dwarf;
				DEVELOPMENT_TEAM = D4ZSVQQ3Z9;
				ENABLE_STRICT_OBJC_MSGSEND = YES;
				ENABLE_TESTABILITY = YES;
				ENABLE_USER_SCRIPT_SANDBOXING = YES;
				GCC_C_LANGUAGE_STANDARD = gnu17;
				GCC_DYNAMIC_NO_PIC = NO;
				GCC_NO_COMMON_BLOCKS = YES;
				GCC_OPTIMIZATION_LEVEL = 0;
				GCC_PREPROCESSOR_DEFINITIONS = (
					"DEBUG=1",
					"$(inherited)",
				);
				GCC_WARN_64_TO_32_BIT_CONVERSION = YES;
				GCC_WARN_ABOUT_RETURN_TYPE = YES_ERROR;
				GCC_WARN_UNDECLARED_SELECTOR = YES;
				GCC_WARN_UNINITIALIZED_AUTOS = YES_AGGRESSIVE;
				GCC_WARN_UNUSED_FUNCTION = YES;
				GCC_WARN_UNUSED_VARIABLE = YES;
				IPHONEOS_DEPLOYMENT_TARGET = 18.5;
				LOCALIZATION_PREFERS_STRING_CATALOGS = YES;
				MTL_ENABLE_DEBUG_INFO = INCLUDE_SOURCE;
				MTL_FAST_MATH = YES;
				ONLY_ACTIVE_ARCH = YES;
				SDKROOT = iphoneos;
				SWIFT_ACTIVE_COMPILATION_CONDITIONS = "DEBUG $(inherited)";
				SWIFT_OPTIMIZATION_LEVEL = "-Onone";
			};
			name = Debug;
		};
		29ECD7DF2E2640F800FC66E6 /* Release */ = {
			isa = XCBuildConfiguration;
			buildSettings = {
				ALWAYS_SEARCH_USER_PATHS = NO;
				ASSETCATALOG_COMPILER_GENERATE_SWIFT_ASSET_SYMBOL_EXTENSIONS = YES;
				CLANG_ANALYZER_NONNULL = YES;
				CLANG_ANALYZER_NUMBER_OBJECT_CONVERSION = YES_AGGRESSIVE;
				CLANG_CXX_LANGUAGE_STANDARD = "gnu++20";
				CLANG_ENABLE_MODULES = YES;
				CLANG_ENABLE_OBJC_ARC = YES;
				CLANG_ENABLE_OBJC_WEAK = YES;
				CLANG_WARN_BLOCK_CAPTURE_AUTORELEASING = YES;
				CLANG_WARN_BOOL_CONVERSION = YES;
				CLANG_WARN_COMMA = YES;
				CLANG_WARN_CONSTANT_CONVERSION = YES;
				CLANG_WARN_DEPRECATED_OBJC_IMPLEMENTATIONS = YES;
				CLANG_WARN_DIRECT_OBJC_ISA_USAGE = YES_ERROR;
				CLANG_WARN_DOCUMENTATION_COMMENTS = YES;
				CLANG_WARN_EMPTY_BODY = YES;
				CLANG_WARN_ENUM_CONVERSION = YES;
				CLANG_WARN_INFINITE_RECURSION = YES;
				CLANG_WARN_INT_CONVERSION = YES;
				CLANG_WARN_NON_LITERAL_NULL_CONVERSION = YES;
				CLANG_WARN_OBJC_IMPLICIT_RETAIN_SELF = YES;
				CLANG_WARN_OBJC_LITERAL_CONVERSION = YES;
				CLANG_WARN_OBJC_ROOT_CLASS = YES_ERROR;
				CLANG_WARN_QUOTED_INCLUDE_IN_FRAMEWORK_HEADER = YES;
				CLANG_WARN_RANGE_LOOP_ANALYSIS = YES;
				CLANG_WARN_STRICT_PROTOTYPES = YES;
				CLANG_WARN_SUSPICIOUS_MOVE = YES;
				CLANG_WARN_UNGUARDED_AVAILABILITY = YES_AGGRESSIVE;
				CLANG_WARN_UNREACHABLE_CODE = YES;
				CLANG_WARN__DUPLICATE_METHOD_MATCH = YES;
				COPY_PHASE_STRIP = NO;
				DEBUG_INFORMATION_FORMAT = "dwarf-with-dsym";
				DEVELOPMENT_TEAM = D4ZSVQQ3Z9;
				ENABLE_NS_ASSERTIONS = NO;
				ENABLE_STRICT_OBJC_MSGSEND = YES;
				ENABLE_USER_SCRIPT_SANDBOXING = YES;
				GCC_C_LANGUAGE_STANDARD = gnu17;
				GCC_NO_COMMON_BLOCKS = YES;
				GCC_WARN_64_TO_32_BIT_CONVERSION = YES;
				GCC_WARN_ABOUT_RETURN_TYPE = YES_ERROR;
				GCC_WARN_UNDECLARED_SELECTOR = YES;
				GCC_WARN_UNINITIALIZED_AUTOS = YES_AGGRESSIVE;
				GCC_WARN_UNUSED_FUNCTION = YES;
				GCC_WARN_UNUSED_VARIABLE = YES;
				IPHONEOS_DEPLOYMENT_TARGET = 18.5;
				LOCALIZATION_PREFERS_STRING_CATALOGS = YES;
				MTL_ENABLE_DEBUG_INFO = NO;
				MTL_FAST_MATH = YES;
				SDKROOT = iphoneos;
				SWIFT_COMPILATION_MODE = wholemodule;
				VALIDATE_PRODUCT = YES;
			};
			name = Release;
		};
		29ECD7E12E2640F800FC66E6 /* Debug */ = {
			isa = XCBuildConfiguration;
			buildSettings = {
				ASSETCATALOG_COMPILER_APPICON_NAME = AppIcon;
				ASSETCATALOG_COMPILER_GLOBAL_ACCENT_COLOR_NAME = AccentColor;
				CODE_SIGN_STYLE = Automatic;
				CURRENT_PROJECT_VERSION = 1;
				DEVELOPMENT_TEAM = D4ZSVQQ3Z9;
				ENABLE_PREVIEWS = YES;
				GENERATE_INFOPLIST_FILE = YES;
				INFOPLIST_KEY_UIApplicationSceneManifest_Generation = YES;
				INFOPLIST_KEY_UIApplicationSupportsIndirectInputEvents = YES;
				INFOPLIST_KEY_UILaunchScreen_Generation = YES;
				INFOPLIST_KEY_UISupportedInterfaceOrientations_iPad = "UIInterfaceOrientationPortrait UIInterfaceOrientationPortraitUpsideDown UIInterfaceOrientationLandscapeLeft UIInterfaceOrientationLandscapeRight";
				INFOPLIST_KEY_UISupportedInterfaceOrientations_iPhone = "UIInterfaceOrientationPortrait UIInterfaceOrientationLandscapeLeft UIInterfaceOrientationLandscapeRight";
				LD_RUNPATH_SEARCH_PATHS = (
					"$(inherited)",
					"@executable_path/Frameworks",
				);
				MARKETING_VERSION = 1.0;
				PRODUCT_BUNDLE_IDENTIFIER = gleisnetz.MetricBase;
				PRODUCT_NAME = "$(TARGET_NAME)";
				SWIFT_EMIT_LOC_STRINGS = YES;
				SWIFT_VERSION = 5.0;
				TARGETED_DEVICE_FAMILY = "1,2";
			};
			name = Debug;
		};
		29ECD7E22E2640F800FC66E6 /* Release */ = {
			isa = XCBuildConfiguration;
			buildSettings = {
				ASSETCATALOG_COMPILER_APPICON_NAME = AppIcon;
				ASSETCATALOG_COMPILER_GLOBAL_ACCENT_COLOR_NAME = AccentColor;
				CODE_SIGN_STYLE = Automatic;
				CURRENT_PROJECT_VERSION = 1;
				DEVELOPMENT_TEAM = D4ZSVQQ3Z9;
				ENABLE_PREVIEWS = YES;
				GENERATE_INFOPLIST_FILE = YES;
				INFOPLIST_KEY_UIApplicationSceneManifest_Generation = YES;
				INFOPLIST_KEY_UIApplicationSupportsIndirectInputEvents = YES;
				INFOPLIST_KEY_UILaunchScreen_Generation = YES;
				INFOPLIST_KEY_UISupportedInterfaceOrientations_iPad = "UIInterfaceOrientationPortrait UIInterfaceOrientationPortraitUpsideDown UIInterfaceOrientationLandscapeLeft UIInterfaceOrientationLandscapeRight";
				INFOPLIST_KEY_UISupportedInterfaceOrientations_iPhone = "UIInterfaceOrientationPortrait UIInterfaceOrientationLandscapeLeft UIInterfaceOrientationLandscapeRight";
				LD_RUNPATH_SEARCH_PATHS = (
					"$(inherited)",
					"@executable_path/Frameworks",
				);
				MARKETING_VERSION = 1.0;
				PRODUCT_BUNDLE_IDENTIFIER = gleisnetz.MetricBase;
				PRODUCT_NAME = "$(TARGET_NAME)";
				SWIFT_EMIT_LOC_STRINGS = YES;
				SWIFT_VERSION = 5.0;
				TARGETED_DEVICE_FAMILY = "1,2";
			};
			name = Release;
		};
		29ECD7E42E2640F800FC66E6 /* Debug */ = {
			isa = XCBuildConfiguration;
			buildSettings = {
				BUNDLE_LOADER = "$(TEST_HOST)";
				CODE_SIGN_STYLE = Automatic;
				CURRENT_PROJECT_VERSION = 1;
				DEVELOPMENT_TEAM = D4ZSVQQ3Z9;
				GENERATE_INFOPLIST_FILE = YES;
				IPHONEOS_DEPLOYMENT_TARGET = 18.5;
				MARKETING_VERSION = 1.0;
				PRODUCT_BUNDLE_IDENTIFIER = gleisnetz.MetricBaseTests;
				PRODUCT_NAME = "$(TARGET_NAME)";
				SWIFT_EMIT_LOC_STRINGS = NO;
				SWIFT_VERSION = 5.0;
				TARGETED_DEVICE_FAMILY = "1,2";
				TEST_HOST = "$(BUILT_PRODUCTS_DIR)/MetricBase.app/$(BUNDLE_EXECUTABLE_FOLDER_PATH)/MetricBase";
			};
			name = Debug;
		};
		29ECD7E52E2640F800FC66E6 /* Release */ = {
			isa = XCBuildConfiguration;
			buildSettings = {
				BUNDLE_LOADER = "$(TEST_HOST)";
				CODE_SIGN_STYLE = Automatic;
				CURRENT_PROJECT_VERSION = 1;
				DEVELOPMENT_TEAM = D4ZSVQQ3Z9;
				GENERATE_INFOPLIST_FILE = YES;
				IPHONEOS_DEPLOYMENT_TARGET = 18.5;
				MARKETING_VERSION = 1.0;
				PRODUCT_BUNDLE_IDENTIFIER = gleisnetz.MetricBaseTests;
				PRODUCT_NAME = "$(TARGET_NAME)";
				SWIFT_EMIT_LOC_STRINGS = NO;
				SWIFT_VERSION = 5.0;
				TARGETED_DEVICE_FAMILY = "1,2";
				TEST_HOST = "$(BUILT_PRODUCTS_DIR)/MetricBase.app/$(BUNDLE_EXECUTABLE_FOLDER_PATH)/MetricBase";
			};
			name = Release;
		};
		29ECD7E72E2640F800FC66E6 /* Debug */ = {
			isa = XCBuildConfiguration;
			buildSettings = {
				CODE_SIGN_STYLE = Automatic;
				CURRENT_PROJECT_VERSION = 1;
				DEVELOPMENT_TEAM = D4ZSVQQ3Z9;
				GENERATE_INFOPLIST_FILE = YES;
				MARKETING_VERSION = 1.0;
				PRODUCT_BUNDLE_IDENTIFIER = gleisnetz.MetricBaseUITests;
				PRODUCT_NAME = "$(TARGET_NAME)";
				SWIFT_EMIT_LOC_STRINGS = NO;
				SWIFT_VERSION = 5.0;
				TARGETED_DEVICE_FAMILY = "1,2";
				TEST_TARGET_NAME = MetricBase;
			};
			name = Debug;
		};
		29ECD7E82E2640F800FC66E6 /* Release */ = {
			isa = XCBuildConfiguration;
			buildSettings = {
				CODE_SIGN_STYLE = Automatic;
				CURRENT_PROJECT_VERSION = 1;
				DEVELOPMENT_TEAM = D4ZSVQQ3Z9;
				GENERATE_INFOPLIST_FILE = YES;
				MARKETING_VERSION = 1.0;
				PRODUCT_BUNDLE_IDENTIFIER = gleisnetz.MetricBaseUITests;
				PRODUCT_NAME = "$(TARGET_NAME)";
				SWIFT_EMIT_LOC_STRINGS = NO;
				SWIFT_VERSION = 5.0;
				TARGETED_DEVICE_FAMILY = "1,2";
				TEST_TARGET_NAME = MetricBase;
			};
			name = Release;
		};
/* End XCBuildConfiguration section */

/* Begin XCConfigurationList section */
		29ECD7BA2E2640F700FC66E6 /* Build configuration list for PBXProject "MetricBase" */ = {
			isa = XCConfigurationList;
			buildConfigurations = (
				29ECD7DE2E2640F800FC66E6 /* Debug */,
				29ECD7DF2E2640F800FC66E6 /* Release */,
			);
			defaultConfigurationIsVisible = 0;
			defaultConfigurationName = Release;
		};
		29ECD7E02E2640F800FC66E6 /* Build configuration list for PBXNativeTarget "MetricBase" */ = {
			isa = XCConfigurationList;
			buildConfigurations = (
				29ECD7E12E2640F800FC66E6 /* Debug */,
				29ECD7E22E2640F800FC66E6 /* Release */,
			);
			defaultConfigurationIsVisible = 0;
			defaultConfigurationName = Release;
		};
		29ECD7E32E2640F800FC66E6 /* Build configuration list for PBXNativeTarget "MetricBaseTests" */ = {
			isa = XCConfigurationList;
			buildConfigurations = (
				29ECD7E42E2640F800FC66E6 /* Debug */,
				29ECD7E52E2640F800FC66E6 /* Release */,
			);
			defaultConfigurationIsVisible = 0;
			defaultConfigurationName = Release;
		};
		29ECD7E62E2640F800FC66E6 /* Build configuration list for PBXNativeTarget "MetricBaseUITests" */ = {
			isa = XCConfigurationList;
			buildConfigurations = (
				29ECD7E72E2640F800FC66E6 /* Debug */,
				29ECD7E82E2640F800FC66E6 /* Release */,
			);
			defaultConfigurationIsVisible = 0;
			defaultConfigurationName = Release;
		};
/* End XCConfigurationList section */
	};
	rootObject = 29ECD7B72E2640F700FC66E6 /* Project object */;
}
